
Microsoft Visual Studio Solution File, Format Version 12.00
# Visual Studio 14
VisualStudioVersion = 14.0.25420.1
MinimumVisualStudioVersion = 10.0.40219.1
Project("{2150E333-8FDC-42A3-9474-1A3956D46DE8}") = "GerenciandoFluxo", "GerenciandoFluxo", "{42391C5B-8681-4F32-9421-14A7D8725657}"
EndProject
Project("{FAE04EC0-301F-11D3-BF4B-00C04F79EFBC}") = "Multithreading_and_asynchronous_processing", "Multithreading_and_asynchronous_processing\Multithreading_and_asynchronous_processing.csproj", "{F9B2F938-F344-4188-ADBB-9F78C4A8F674}"
EndProject
Project("{FAE04EC0-301F-11D3-BF4B-00C04F79EFBC}") = "Manage_multithreading", "Manage_multithreading\Manage_multithreading.csproj", "{458BB2C2-723B-4CBC-92EA-0050F3A998C0}"
EndProject
Project("{FAE04EC0-301F-11D3-BF4B-00C04F79EFBC}") = "Program_Flow", "Program_Fow\Program_Flow.csproj", "{16B9BA8E-5B08-4E28-BC64-CD843F456069}"
EndProject
Project("{FAE04EC0-301F-11D3-BF4B-00C04F79EFBC}") = "Events_Callbacks", "Events_Callbacks\Events_Callbacks.csproj", "{86AA36D9-CCF8-4B9E-B665-8CB7F819F2DF}"
EndProject
Global
	GlobalSection(SolutionConfigurationPlatforms) = preSolution
		Debug|Any CPU = Debug|Any CPU
		Release|Any CPU = Release|Any CPU
	EndGlobalSection
	GlobalSection(ProjectConfigurationPlatforms) = postSolution
		{F9B2F938-F344-4188-ADBB-9F78C4A8F674}.Debug|Any CPU.ActiveCfg = Debug|Any CPU
		{F9B2F938-F344-4188-ADBB-9F78C4A8F674}.Debug|Any CPU.Build.0 = Debug|Any CPU
		{F9B2F938-F344-4188-ADBB-9F78C4A8F674}.Release|Any CPU.ActiveCfg = Release|Any CPU
		{F9B2F938-F344-4188-ADBB-9F78C4A8F674}.Release|Any CPU.Build.0 = Release|Any CPU
		{458BB2C2-723B-4CBC-92EA-0050F3A998C0}.Debug|Any CPU.ActiveCfg = Debug|Any CPU
		{458BB2C2-723B-4CBC-92EA-0050F3A998C0}.Debug|Any CPU.Build.0 = Debug|Any CPU
		{458BB2C2-723B-4CBC-92EA-0050F3A998C0}.Release|Any CPU.ActiveCfg = Release|Any CPU
		{458BB2C2-723B-4CBC-92EA-0050F3A998C0}.Release|Any CPU.Build.0 = Release|Any CPU
		{16B9BA8E-5B08-4E28-BC64-CD843F456069}.Debug|Any CPU.ActiveCfg = Debug|Any CPU
		{16B9BA8E-5B08-4E28-BC64-CD843F456069}.Debug|Any CPU.Build.0 = Debug|Any CPU
		{16B9BA8E-5B08-4E28-BC64-CD843F456069}.Release|Any CPU.ActiveCfg = Release|Any CPU
		{16B9BA8E-5B08-4E28-BC64-CD843F456069}.Release|Any CPU.Build.0 = Release|Any CPU
		{86AA36D9-CCF8-4B9E-B665-8CB7F819F2DF}.Debug|Any CPU.ActiveCfg = Debug|Any CPU
		{86AA36D9-CCF8-4B9E-B665-8CB7F819F2DF}.Debug|Any CPU.Build.0 = Debug|Any CPU
		{86AA36D9-CCF8-4B9E-B665-8CB7F819F2DF}.Release|Any CPU.ActiveCfg = Release|Any CPU
		{86AA36D9-CCF8-4B9E-B665-8CB7F819F2DF}.Release|Any CPU.Build.0 = Release|Any CPU
	EndGlobalSection
	GlobalSection(SolutionProperties) = preSolution
		HideSolutionNode = FALSE
	EndGlobalSection
	GlobalSection(NestedProjects) = preSolution
		{F9B2F938-F344-4188-ADBB-9F78C4A8F674} = {42391C5B-8681-4F32-9421-14A7D8725657}
		{458BB2C2-723B-4CBC-92EA-0050F3A998C0} = {42391C5B-8681-4F32-9421-14A7D8725657}
		{16B9BA8E-5B08-4E28-BC64-CD843F456069} = {42391C5B-8681-4F32-9421-14A7D8725657}
		{86AA36D9-CCF8-4B9E-B665-8CB7F819F2DF} = {42391C5B-8681-4F32-9421-14A7D8725657}
	EndGlobalSection
EndGlobal
